# This file is autogenerated, do not edit; changes may be undone by the next 'dep ensure'.


[[projects]]
  name = "cloud.google.com/go"
  packages = ["compute/metadata"]
  revision = "3c8d9080f03b236321fa5054747cd310cba50edd"

[[projects]]
  name = "github.com/CiscoUcs/UCS-Terraform"
  packages = [
    "ucsclient",
    "ucsclient/ucsinternal"
  ]
  revision = "12b922231cb6f832d44dea68df8887b47b828c6f"

[[projects]]
  name = "github.com/HewlettPackard/oneview-golang"
  packages = [
    "liboneview",
    "ov",
    "rest",
    "utils"
  ]
  revision = "d0f1e96"

[[projects]]
  name = "github.com/Masterminds/semver"
  packages = ["."]
  revision = "abff1900528dbdaf6f3f5aa92c398be1eaf2a9f7"
  version = "v1.3.0"

[[projects]]
  name = "github.com/Masterminds/sprig"
  packages = ["."]
  revision = "23597e5f6ad0e4d590e71314bfd0251a4a3cf849"
  version = "2.10.0"

[[projects]]
  name = "github.com/Microsoft/go-winio"
  packages = ["."]
  revision = "562bb09f6612d9a4e91597184709d1cdba95af93"
  version = "0.3.6"

[[projects]]
  name = "github.com/PuerkitoBio/purell"
  packages = ["."]
  revision = "0bcb03f4b4d0a9428594752bd2a3b9aa0a9d4bd4"
  version = "v1.1.0"

[[projects]]
  name = "github.com/PuerkitoBio/urlesc"
  packages = ["."]
  revision = "bbf7a2a"

[[projects]]
  name = "github.com/Sirupsen/logrus"
  packages = ["."]
  revision = "v0.11.0-5-gabc6f20"

[[projects]]
  name = "github.com/aokoli/goutils"
  packages = ["."]
  revision = "45307ec16e3cd47cd841506c081f7afd8237d210"
  version = "1.0.0"

[[projects]]
  name = "github.com/armon/go-radix"
  packages = ["."]
  revision = "4239b77"

[[projects]]
  name = "github.com/asaskevich/govalidator"
  packages = ["."]
  revision = "4918b99a7cb949bb295f3c7bbaf24b577d806e35"
  version = "v6"

[[projects]]
  name = "github.com/aws/aws-sdk-go"
  packages = [
    "aws",
    "aws/awserr",
    "aws/awsutil",
    "aws/client",
    "aws/client/metadata",
    "aws/corehandlers",
    "aws/credentials",
    "aws/credentials/ec2rolecreds",
    "aws/credentials/endpointcreds",
    "aws/credentials/stscreds",
    "aws/defaults",
    "aws/ec2metadata",
    "aws/endpoints",
    "aws/request",
    "aws/session",
    "aws/signer/v4",
    "private/protocol",
    "private/protocol/ec2query",
    "private/protocol/json/jsonutil",
    "private/protocol/jsonrpc",
    "private/protocol/query",
    "private/protocol/query/queryutil",
    "private/protocol/rest",
    "private/protocol/restxml",
    "private/protocol/xml/xmlutil",
    "service/autoscaling",
    "service/autoscaling/autoscalingiface",
    "service/cloudformation",
    "service/cloudformation/cloudformationiface",
    "service/cloudwatchlogs",
    "service/cloudwatchlogs/cloudwatchlogsiface",
    "service/dynamodb",
    "service/dynamodb/dynamodbiface",
    "service/ec2",
    "service/ec2/ec2iface",
    "service/elb",
    "service/elb/elbiface",
    "service/iam",
    "service/iam/iamiface",
    "service/s3",
    "service/sqs",
    "service/sqs/sqsiface",
    "service/sts"
  ]
  revision = "fa7f88097f64d1a2bcc65f9b9b547f363082d496"
  version = "v1.8.20"

[[projects]]
  name = "github.com/beorn7/perks"
  packages = ["quantile"]
  revision = "4c0e845"

[[projects]]
  name = "github.com/coreos/etcd"
  packages = [
    "auth/authpb",
    "clientv3",
    "etcdserver/api/v3rpc/rpctypes",
    "etcdserver/etcdserverpb",
    "mvcc/mvccpb",
    "pkg/tlsutil"
  ]
  revision = "21fdcc6443f3267111051240f0eca839acc96a39"
  version = "v3.1.3"

[[projects]]
  name = "github.com/davecgh/go-spew"
  packages = ["spew"]
  revision = "v1.0.0-9-g346938d"

[[projects]]
  name = "github.com/deckarep/golang-set"
  packages = ["."]
  revision = "fc8930a5e645572ee00bf66358ed3414f3c13b90"
  version = "v1.6"

[[projects]]
  name = "github.com/digitalocean/godo"
  packages = ["."]
  revision = "4c04abe183f449bd9ede285f0e5c7ee575d0dbe4"

[[projects]]
  name = "github.com/docker/distribution"
  packages = [
    "digest",
    "reference"
  ]
  revision = "v2.6.0-rc.1-4-g7694c31"

[[projects]]
  name = "github.com/docker/docker"
  packages = [
    "api/types",
    "api/types/blkiodev",
    "api/types/container",
    "api/types/events",
    "api/types/filters",
    "api/types/mount",
    "api/types/network",
    "api/types/reference",
    "api/types/registry",
    "api/types/strslice",
    "api/types/swarm",
    "api/types/time",
    "api/types/versions",
    "api/types/volume",
    "client",
    "pkg/archive",
    "pkg/fileutils",
    "pkg/idtools",
    "pkg/ioutils",
    "pkg/longpath",
    "pkg/pools",
    "pkg/promise",
    "pkg/system",
    "pkg/tlsconfig"
  ]
  revision = "3a68292"

[[projects]]
  name = "github.com/docker/go-connections"
  packages = [
    "nat",
    "sockets",
    "tlsconfig"
  ]
  revision = "v0.2.1-10-gf512407"

[[projects]]
  name = "github.com/docker/go-units"
  packages = ["."]
  revision = "v0.3.1-8-g8a7beac"

[[projects]]
  name = "github.com/docker/machine"
  packages = ["libmachine/log"]
  revision = "f10584e"

[[projects]]
  name = "github.com/emicklei/go-restful"
  packages = [
    ".",
    "log"
  ]
  revision = "cf834cf8da5b681af81bde6fa32304e6ce8eec71"
  version = "2.2.0"

[[projects]]
  name = "github.com/emicklei/go-restful-swagger12"
  packages = ["."]
  revision = "dcef7f55730566d41eae5db10e7d6981829720f6"
  version = "1.0.1"

[[projects]]
  name = "github.com/ghodss/yaml"
  packages = ["."]
  revision = "73d445a93680fa1a78ae23a5839bad48f32ba1ee"

[[projects]]
  name = "github.com/go-ini/ini"
  packages = ["."]
  revision = "6e4869b434bd001f6983749881c7ead3545887d8"
  version = "v1.21.1"

[[projects]]
  name = "github.com/go-openapi/analysis"
  packages = ["."]
  revision = "0473cb6"

[[projects]]
  name = "github.com/go-openapi/errors"
  packages = ["."]
  revision = "03cfca6"

[[projects]]
  name = "github.com/go-openapi/jsonpointer"
  packages = ["."]
  revision = "779f453"

[[projects]]
  name = "github.com/go-openapi/jsonreference"
  packages = ["."]
  revision = "36d33bf"

[[projects]]
  name = "github.com/go-openapi/loads"
  packages = ["."]
  revision = "ad6217c"

[[projects]]
  name = "github.com/go-openapi/runtime"
  packages = [
    ".",
    "client"
  ]
  revision = "bf2ff8f"

[[projects]]
  name = "github.com/go-openapi/spec"
  packages = ["."]
  revision = "e51c28f"

[[projects]]
  name = "github.com/go-openapi/strfmt"
  packages = ["."]
  revision = "93a31ef"

[[projects]]
  name = "github.com/go-openapi/swag"
  packages = ["."]
  revision = "24ebf76"

[[projects]]
  name = "github.com/go-openapi/validate"
  packages = ["."]
  revision = "dc8a684"

[[projects]]
  name = "github.com/gogo/protobuf"
  packages = [
    "proto",
    "sortkeys"
  ]
  revision = "100ba4e885062801d56799d78530b73b178a78f3"
  version = "v0.4"

[[projects]]
  name = "github.com/golang/glog"
  packages = ["."]
  revision = "23def4e"

[[projects]]
  name = "github.com/golang/mock"
  packages = ["gomock"]
  revision = "bd3c8e8"

[[projects]]
  name = "github.com/golang/protobuf"
  packages = [
    "jsonpb",
    "proto"
  ]
  revision = "4bd1920723d7b7c925de087aa32e2187708897f7"

[[projects]]
  name = "github.com/google/go-querystring"
  packages = ["query"]
  revision = "53e6ce116135b80d037921a7fdd5138cf32d7a8a"

[[projects]]
  name = "github.com/google/gofuzz"
  packages = ["."]
  revision = "44d8105"

[[projects]]
  name = "github.com/gorilla/context"
  packages = ["."]
  revision = "v1.1-7-g08b5f42"

[[projects]]
  name = "github.com/gorilla/mux"
  packages = ["."]
  revision = "757bef9"

[[projects]]
  name = "github.com/gorilla/rpc"
  packages = [
    "v2",
    "v2/json2"
  ]
  revision = "22c016f"

[[projects]]
  name = "github.com/graymeta/stow"
  packages = [
    ".",
    "google",
    "local",
    "s3"
  ]
  revision = "0f16e170afc5e1b89434469a3b52a81f792c9038"

[[projects]]
  name = "github.com/grpc-ecosystem/go-grpc-prometheus"
  packages = ["."]
  revision = "6b7015e65d366bf3f19b2b2a000a831940f0f7e0"
  version = "v1.1"

[[projects]]
  name = "github.com/grpc-ecosystem/grpc-gateway"
  packages = [
    "runtime",
    "runtime/internal",
    "utilities"
  ]
  revision = "84398b94e188ee336f307779b57b3aa91af7063c"

[[projects]]
  name = "github.com/hashicorp/golang-lru"
  packages = [
    ".",
    "simplelru"
  ]
  revision = "0a025b7"

[[projects]]
  name = "github.com/hashicorp/hcl"
  packages = [
    ".",
    "hcl/ast",
    "hcl/parser",
    "hcl/scanner",
    "hcl/strconv",
    "hcl/token",
    "json/parser",
    "json/scanner",
    "json/token"
  ]
  revision = "630949a3c5fa3c613328e1b8256052cbc2327c9b"

[[projects]]
  name = "github.com/howeyc/gopass"
  packages = ["."]
  revision = "bf9dde6"

[[projects]]
  name = "github.com/hpcloud/tail"
  packages = [
    ".",
    "ratelimiter",
    "util",
    "watch",
    "winfile"
  ]
  revision = "000912af8de2d2b9d184786b4cf4c3542b7884e5"
  source = "github.com/vsco/tail"

[[projects]]
  name = "github.com/imdario/mergo"
  packages = ["."]
  revision = "d806ba8"

[[projects]]
  name = "github.com/inconshreveable/mousetrap"
  packages = ["."]
  revision = "76626ae"

[[projects]]
  name = "github.com/jmespath/go-jmespath"
  packages = ["."]
  revision = "0b12d6b5"

[[projects]]
  name = "github.com/juju/ansiterm"
  packages = [
    ".",
    "tabwriter"
  ]
  revision = "35c59b9"

[[projects]]
  name = "github.com/juju/errors"
  packages = ["."]
  revision = "6f54ff6"

[[projects]]
  name = "github.com/juju/gomaasapi"
  packages = ["."]
  revision = "38cd919"

[[projects]]
  name = "github.com/juju/loggo"
  packages = ["."]
  revision = "3b7ece4"

[[projects]]
  name = "github.com/juju/ratelimit"
  packages = ["."]
  revision = "5b9ff86"

[[projects]]
  name = "github.com/juju/schema"
  packages = ["."]
  revision = "e4e0580"

[[projects]]
  name = "github.com/juju/utils"
  packages = [
    ".",
    "clock",
    "set"
  ]
  revision = "8f0eda3"

[[projects]]
  name = "github.com/juju/version"
  packages = ["."]
  revision = "1f41e27"

[[projects]]
  name = "github.com/krolaw/dhcp4"
  packages = [
    ".",
    "conn"
  ]
  revision = "4de04cc"

[[projects]]
  name = "github.com/libvirt/libvirt-go"
  packages = ["."]
  revision = "c3209e4"

[[projects]]
  name = "github.com/libvirt/libvirt-go-xml"
  packages = ["."]
  revision = "203f83c"

[[projects]]
  name = "github.com/lunixbochs/vtclean"
  packages = ["."]
  revision = "4fbf763"

[[projects]]
  name = "github.com/mailru/easyjson"
  packages = [
    "buffer",
    "jlexer",
    "jwriter"
  ]
  revision = "dffba8d"

[[projects]]
  name = "github.com/mattn/go-colorable"
  packages = ["."]
  revision = "d228849"

[[projects]]
  name = "github.com/mattn/go-isatty"
  packages = ["."]
  revision = "30a891c"

[[projects]]
  name = "github.com/matttproud/golang_protobuf_extensions"
  packages = ["pbutil"]
  revision = "3247c84500bff8d9fb6d579d800f20b3e091582c"
  version = "v1.0.0"

[[projects]]
  name = "github.com/micdoher/GoUtils"
  packages = ["."]
  revision = "799bb49"

[[projects]]
  branch = "master"
  name = "github.com/mitchellh/go-ps"
  packages = ["."]
  revision = "4fdf99ab29366514c69ccccddab5dc58b8d84062"

[[projects]]
  name = "github.com/mitchellh/mapstructure"
  packages = ["."]
  revision = "cc8532a"

[[projects]]
  name = "github.com/moby/hyperkit"
  packages = ["go"]
  revision = "32c1b23"

[[projects]]
  name = "github.com/onsi/ginkgo"
  packages = [
    ".",
    "config",
    "internal/codelocation",
    "internal/containernode",
    "internal/failer",
    "internal/leafnodes",
    "internal/remote",
    "internal/spec",
    "internal/spec_iterator",
    "internal/specrunner",
    "internal/suite",
    "internal/testingtproxy",
    "internal/writer",
    "reporters",
    "reporters/stenographer",
    "reporters/stenographer/support/go-colorable",
    "reporters/stenographer/support/go-isatty",
    "types"
  ]
  revision = "9eda700730cba42af70d53180f9dcce9266bc2bc"
  version = "v1.4.0"

[[projects]]
  name = "github.com/onsi/gomega"
  packages = [
    ".",
    "format",
    "internal/assertion",
    "internal/asyncassertion",
    "internal/oraclematcher",
    "internal/testingtsupport",
    "matchers",
    "matchers/support/goraph/bipartitegraph",
    "matchers/support/goraph/edge",
    "matchers/support/goraph/node",
    "matchers/support/goraph/util",
    "types"
  ]
  revision = "c893efa28eb45626cdaa76c9f653b62488858837"
  version = "v1.2.0"

[[projects]]
  name = "github.com/opencontainers/runc"
  packages = [
    "libcontainer/system",
    "libcontainer/user"
  ]
  revision = "v1.0.0-rc2-137-g43c4300"

[[projects]]
  name = "github.com/packethost/packngo"
  packages = ["."]
  revision = "91d5400"

[[projects]]
  name = "github.com/pkg/errors"
  packages = ["."]
  revision = "v0.8.0-2-g248dadf"

[[projects]]
  name = "github.com/pmezard/go-difflib"
  packages = ["difflib"]
  revision = "792786c7400a136282c1664665ae0a8db921c6c2"
  version = "v1.0.0"

[[projects]]
  name = "github.com/prometheus/client_golang"
  packages = ["prometheus"]
  revision = "c5b7fccd204277076155f10851dad72b76a49317"
  version = "v0.8.0"

[[projects]]
  name = "github.com/prometheus/client_model"
  packages = ["go"]
  revision = "6f38060"

[[projects]]
  name = "github.com/prometheus/common"
  packages = [
    "expfmt",
    "internal/bitbucket.org/ww/goautoneg",
    "model"
  ]
  revision = "49fee29"

[[projects]]
  name = "github.com/prometheus/procfs"
  packages = [
    ".",
    "xfs"
  ]
  revision = "a1dba9c"

[[projects]]
  name = "github.com/renier/xmlrpc"
  packages = ["."]
  revision = "ce4a1a4"

[[projects]]
  name = "github.com/rneugeba/iso9660wrap"
  packages = ["."]
  revision = "ecec696"

[[projects]]
  name = "github.com/ryanuber/go-glob"
  packages = ["."]
  revision = "256dc444b735e061061cf46c809487313d5b0065"

[[projects]]
  name = "github.com/satori/go.uuid"
  packages = ["."]
  revision = "879c5887cd475cd7864858769793b2ceb0d44feb"
  version = "v1.1.0"

[[projects]]
  name = "github.com/sergi/go-diff"
  packages = ["diffmatchpatch"]
  revision = "feef008"

[[projects]]
  name = "github.com/softlayer/softlayer-go"
  packages = [
    "config",
    "datatypes",
    "filter",
    "services",
    "session",
    "sl"
  ]
  revision = "1e6079635172db6191268a4225584cd3ab3d4917"

[[projects]]
  name = "github.com/spacemonkeygo/httpsig"
  packages = ["."]
  revision = "6732593"

[[projects]]
  name = "github.com/spf13/afero"
  packages = [
    ".",
    "mem"
  ]
  revision = "06b7e5f"

[[projects]]
  name = "github.com/spf13/cobra"
  packages = ["."]
  revision = "6e91dde"

[[projects]]
  name = "github.com/spf13/pflag"
  packages = ["."]
  revision = "5ccb023"

[[projects]]
  name = "github.com/spiegela/gorackhd"
  packages = [
    "client",
    "client/catalogs",
    "client/config",
    "client/files",
    "client/hooks",
    "client/ibms",
    "client/lookups",
    "client/nodes",
    "client/notifications",
    "client/obms",
    "client/pollers",
    "client/profiles",
    "client/roles",
    "client/schemas",
    "client/skus",
    "client/tags",
    "client/tasks",
    "client/templates",
    "client/users",
    "client/views",
    "client/workflows",
    "jwt",
    "mock",
    "models",
    "monorail"
  ]
  revision = "de12976d778d18841ab3b16899af215fb277e96b"

[[projects]]
  name = "github.com/square/go-jose"
  packages = [
    ".",
    "cipher",
    "json"
  ]
  revision = "df56d35"

[[projects]]
  name = "github.com/stretchr/testify"
  packages = [
    "assert",
    "require"
  ]
  revision = "v1.1.4-4-g976c720"

[[projects]]
  branch = "master"
  name = "github.com/tent/http-link-go"
  packages = ["."]
  revision = "ac974c61c2f990f4115b119354b5e0b47550e888"

[[projects]]
  name = "github.com/thebsdbox/go-tftp"
  packages = ["server"]
  revision = "b3e1ec2"

[[projects]]
  name = "github.com/twmb/algoimpl"
  packages = [
    "go/graph",
    "go/graph/lite"
  ]
  revision = "716f8e7"

[[projects]]
  name = "github.com/ugorji/go"
  packages = ["codec"]
  revision = "708a42d"

[[projects]]
  name = "github.com/vaughan0/go-ini"
  packages = ["."]
  revision = "a98ad7e"

[[projects]]
  name = "github.com/vmware/govmomi"
  packages = [
    ".",
    "find",
    "guest",
    "list",
    "nfc",
    "object",
    "property",
    "session",
    "task",
    "vim25",
    "vim25/debug",
    "vim25/methods",
    "vim25/mo",
    "vim25/progress",
    "vim25/soap",
    "vim25/types",
    "vim25/xml"
  ]
  revision = "b227a25"

[[projects]]
  name = "github.com/whyrusleeping/go-tftp"
  packages = ["packet"]
  revision = "454ade9"

[[projects]]
  name = "golang.org/x/crypto"
  packages = [
    "curve25519",
    "ed25519",
    "ed25519/internal/edwards25519",
    "pbkdf2",
    "scrypt",
    "ssh",
    "ssh/agent",
    "ssh/terminal"
  ]
  revision = "9419663f5a44be8b34ca85f08abc5fe1be11f8a3"

[[projects]]
  name = "golang.org/x/net"
  packages = [
    "bpf",
    "context",
    "context/ctxhttp",
    "html",
    "html/atom",
    "html/charset",
    "http2",
    "http2/hpack",
    "idna",
    "internal/iana",
    "internal/netreflect",
    "internal/timeseries",
    "ipv4",
    "lex/httplex",
    "proxy",
    "trace"
  ]
  revision = "0dd7c8d"

[[projects]]
  name = "golang.org/x/oauth2"
  packages = [
    ".",
    "google",
    "internal",
    "jws",
    "jwt"
  ]
  revision = "a6bd8ce"

[[projects]]
  name = "golang.org/x/sys"
  packages = [
    "unix",
    "windows"
  ]
  revision = "b699b70"

[[projects]]
  name = "golang.org/x/text"
  packages = [
    "encoding",
    "encoding/charmap",
    "encoding/htmlindex",
    "encoding/internal",
    "encoding/internal/identifier",
    "encoding/japanese",
    "encoding/korean",
    "encoding/simplifiedchinese",
    "encoding/traditionalchinese",
    "encoding/unicode",
    "internal/gen",
    "internal/tag",
    "internal/triegen",
    "internal/ucd",
    "internal/utf8internal",
    "language",
    "runes",
    "transform",
    "unicode/cldr",
    "unicode/norm",
    "width"
  ]
  revision = "a263ba8"

[[projects]]
  name = "google.golang.org/api"
  packages = [
    "compute/v1",
    "gensupport",
    "googleapi",
    "googleapi/internal/uritemplates",
    "storage/v1"
  ]
  revision = "16ab375"

[[projects]]
  name = "google.golang.org/appengine"
  packages = [
    ".",
    "internal",
    "internal/app_identity",
    "internal/base",
    "internal/datastore",
    "internal/log",
    "internal/modules",
    "internal/remote_api",
    "internal/urlfetch",
    "urlfetch"
  ]
  revision = "v1.0.0-29-g3a452f9"

[[projects]]
  name = "google.golang.org/grpc"
  packages = [
    ".",
    "codes",
    "credentials",
    "grpclog",
    "internal",
    "keepalive",
    "metadata",
    "naming",
    "peer",
    "stats",
    "tap",
    "transport"
  ]
  revision = "8050b9cbc271307e5a716a9d782803d09b0d6f2d"
  version = "v1.2.1"

[[projects]]
  name = "gopkg.in/fsnotify/fsnotify.v1"
  packages = ["."]
  revision = "c2828203cd70a50dcccfb2761f8b1f8ceef9a8e9"
  version = "v1.4.7"

[[projects]]
  name = "gopkg.in/inconshreveable/log15.v2"
  packages = [
    ".",
    "stack",
    "term"
  ]
  revision = "b105bd37f74e5d9dc7b6ad7806715c7a2b83fd3f"
  version = "v2.11"

[[projects]]
  name = "gopkg.in/inf.v0"
  packages = ["."]
  revision = "3887ee99ecf07df5b447e9b00d9c0b2adaa9f3e4"
  version = "v0.9.0"

[[projects]]
  name = "gopkg.in/juju/names.v2"
  packages = ["."]
  revision = "0847c26"

[[projects]]
  name = "gopkg.in/mgo.v2"
  packages = [
    "bson",
    "internal/json"
  ]
  revision = "3f83fa5"

[[projects]]
  name = "gopkg.in/tomb.v1"
  packages = ["."]
  revision = "v1"

[[projects]]
  name = "gopkg.in/tylerb/graceful.v1"
  packages = ["."]
  revision = "4654dfbb6ad53cb5e27f37d99b02e16c1872fbbb"
  version = "v1.2.15"

[[projects]]
  name = "gopkg.in/xmlpath.v2"
  packages = ["."]
  revision = "860cbec"

[[projects]]
  name = "gopkg.in/yaml.v2"
  packages = ["."]
  revision = "a5b47d3"

[[projects]]
  branch = "release-1.7"
  name = "k8s.io/apimachinery"
  packages = [
    "pkg/api/equality",
    "pkg/api/errors",
    "pkg/api/meta",
    "pkg/api/resource",
    "pkg/apimachinery",
    "pkg/apimachinery/announced",
    "pkg/apimachinery/registered",
    "pkg/apis/meta/v1",
    "pkg/apis/meta/v1/unstructured",
    "pkg/apis/meta/v1alpha1",
    "pkg/conversion",
    "pkg/conversion/queryparams",
    "pkg/conversion/unstructured",
    "pkg/fields",
    "pkg/labels",
    "pkg/openapi",
    "pkg/runtime",
    "pkg/runtime/schema",
    "pkg/runtime/serializer",
    "pkg/runtime/serializer/json",
    "pkg/runtime/serializer/protobuf",
    "pkg/runtime/serializer/recognizer",
    "pkg/runtime/serializer/streaming",
    "pkg/runtime/serializer/versioning",
    "pkg/selection",
    "pkg/types",
    "pkg/util/cache",
    "pkg/util/clock",
    "pkg/util/diff",
    "pkg/util/errors",
    "pkg/util/framer",
    "pkg/util/intstr",
    "pkg/util/json",
    "pkg/util/net",
    "pkg/util/rand",
    "pkg/util/runtime",
    "pkg/util/sets",
    "pkg/util/validation",
    "pkg/util/validation/field",
    "pkg/util/wait",
    "pkg/util/yaml",
    "pkg/version",
    "pkg/watch",
    "third_party/forked/golang/reflect"
  ]
  revision = "208a6980b14bbb263f29482482eabdbcfff9f7bb"

[[projects]]
  name = "k8s.io/client-go"
  packages = [
    "discovery",
    "kubernetes",
    "kubernetes/scheme",
    "kubernetes/typed/admissionregistration/v1alpha1",
    "kubernetes/typed/apps/v1beta1",
    "kubernetes/typed/authentication/v1",
    "kubernetes/typed/authentication/v1beta1",
    "kubernetes/typed/authorization/v1",
    "kubernetes/typed/authorization/v1beta1",
    "kubernetes/typed/autoscaling/v1",
    "kubernetes/typed/autoscaling/v2alpha1",
    "kubernetes/typed/batch/v1",
    "kubernetes/typed/batch/v2alpha1",
    "kubernetes/typed/certificates/v1beta1",
    "kubernetes/typed/core/v1",
    "kubernetes/typed/extensions/v1beta1",
    "kubernetes/typed/networking/v1",
    "kubernetes/typed/policy/v1beta1",
    "kubernetes/typed/rbac/v1alpha1",
    "kubernetes/typed/rbac/v1beta1",
    "kubernetes/typed/settings/v1alpha1",
    "kubernetes/typed/storage/v1",
    "kubernetes/typed/storage/v1beta1",
    "pkg/api",
    "pkg/api/v1",
    "pkg/api/v1/ref",
    "pkg/apis/admissionregistration",
    "pkg/apis/admissionregistration/v1alpha1",
    "pkg/apis/apps",
    "pkg/apis/apps/v1beta1",
    "pkg/apis/authentication",
    "pkg/apis/authentication/v1",
    "pkg/apis/authentication/v1beta1",
    "pkg/apis/authorization",
    "pkg/apis/authorization/v1",
    "pkg/apis/authorization/v1beta1",
    "pkg/apis/autoscaling",
    "pkg/apis/autoscaling/v1",
    "pkg/apis/autoscaling/v2alpha1",
    "pkg/apis/batch",
    "pkg/apis/batch/v1",
    "pkg/apis/batch/v2alpha1",
    "pkg/apis/certificates",
    "pkg/apis/certificates/v1beta1",
    "pkg/apis/extensions",
    "pkg/apis/extensions/v1beta1",
    "pkg/apis/networking",
    "pkg/apis/networking/v1",
    "pkg/apis/policy",
    "pkg/apis/policy/v1beta1",
    "pkg/apis/rbac",
    "pkg/apis/rbac/v1alpha1",
    "pkg/apis/rbac/v1beta1",
    "pkg/apis/settings",
    "pkg/apis/settings/v1alpha1",
    "pkg/apis/storage",
    "pkg/apis/storage/v1",
    "pkg/apis/storage/v1beta1",
    "pkg/util",
    "pkg/util/parsers",
    "pkg/version",
    "rest",
    "rest/watch",
    "tools/auth",
    "tools/cache",
    "tools/clientcmd",
    "tools/clientcmd/api",
    "tools/clientcmd/api/latest",
    "tools/clientcmd/api/v1",
    "tools/metrics",
    "transport",
    "util/cert",
    "util/flowcontrol",
    "util/homedir",
    "util/integer",
    "util/workqueue"
  ]
  revision = "d92e8497f71b7b4e0494e5bd204b48d34bd6f254"
  version = "v4.0.0"

[[projects]]
  name = "k8s.io/kubernetes"
  packages = [
    "cmd/kubeadm/app/apis/kubeadm",
    "cmd/kubeadm/app/constants",
    "cmd/kubeadm/app/discovery",
    "cmd/kubeadm/app/discovery/file",
    "cmd/kubeadm/app/discovery/https",
    "cmd/kubeadm/app/discovery/token",
    "cmd/kubeadm/app/util/kubeconfig",
    "cmd/kubeadm/app/util/token",
    "pkg/api",
    "pkg/bootstrap/api",
    "pkg/controller/bootstrap",
    "pkg/util/metrics",
    "pkg/util/version"
  ]
  revision = "17d7182a7ccbb167074be7a87f0a68bd00d58d97"
  version = "v1.7.5"

[solve-meta]
  analyzer-name = "dep"
  analyzer-version = 1
  inputs-digest = "e6a1088c4d3674f4e0395c4775c38d31ab91a8c428aa4cb7038c6b8c5b732ae8"
  solver-name = "gps-cdcl"
  solver-version = 1
